
Microsoft Visual Studio Solution File, Format Version 12.00
# Visual Studio 15
VisualStudioVersion = 15.0.27130.2020
MinimumVisualStudioVersion = 10.0.40219.1
Project("{FAE04EC0-301F-11D3-BF4B-00C04F79EFBC}") = "UsherSheat", "UsherSheat\UsherSheat.csproj", "{5C1B2DC6-F573-45DA-B293-5A55E7E3BD5B}"
EndProject
Project("{9A19103F-16F7-4668-BE54-9A1E7A4F7556}") = "UsherSheat.Api", "UsherSheat.Api\UsherSheat.Api.csproj", "{94AAEEEC-73F9-4A56-B51D-D8F00E9FF5BD}"
EndProject
Project("{9A19103F-16F7-4668-BE54-9A1E7A4F7556}") = "UsherSheat.Core", "UsherSheat.Core\UsherSheat.Core.csproj", "{F596E6CA-099E-4D16-8481-ABD40D8A484A}"
EndProject
Project("{9A19103F-16F7-4668-BE54-9A1E7A4F7556}") = "UsherSheat.Service", "UsherSheat.Service\UsherSheat.Service.csproj", "{31C172B8-560B-4C58-AE77-A4A63FAAF653}"
EndProject
Global
	GlobalSection(SolutionConfigurationPlatforms) = preSolution
		Debug|Any CPU = Debug|Any CPU
		Release|Any CPU = Release|Any CPU
	EndGlobalSection
	GlobalSection(ProjectConfigurationPlatforms) = postSolution
		{5C1B2DC6-F573-45DA-B293-5A55E7E3BD5B}.Debug|Any CPU.ActiveCfg = Debug|Any CPU
		{5C1B2DC6-F573-45DA-B293-5A55E7E3BD5B}.Debug|Any CPU.Build.0 = Debug|Any CPU
		{5C1B2DC6-F573-45DA-B293-5A55E7E3BD5B}.Release|Any CPU.ActiveCfg = Release|Any CPU
		{5C1B2DC6-F573-45DA-B293-5A55E7E3BD5B}.Release|Any CPU.Build.0 = Release|Any CPU
		{94AAEEEC-73F9-4A56-B51D-D8F00E9FF5BD}.Debug|Any CPU.ActiveCfg = Debug|Any CPU
		{94AAEEEC-73F9-4A56-B51D-D8F00E9FF5BD}.Debug|Any CPU.Build.0 = Debug|Any CPU
		{94AAEEEC-73F9-4A56-B51D-D8F00E9FF5BD}.Release|Any CPU.ActiveCfg = Release|Any CPU
		{94AAEEEC-73F9-4A56-B51D-D8F00E9FF5BD}.Release|Any CPU.Build.0 = Release|Any CPU
		{F596E6CA-099E-4D16-8481-ABD40D8A484A}.Debug|Any CPU.ActiveCfg = Debug|Any CPU
		{F596E6CA-099E-4D16-8481-ABD40D8A484A}.Debug|Any CPU.Build.0 = Debug|Any CPU
		{F596E6CA-099E-4D16-8481-ABD40D8A484A}.Release|Any CPU.ActiveCfg = Release|Any CPU
		{F596E6CA-099E-4D16-8481-ABD40D8A484A}.Release|Any CPU.Build.0 = Release|Any CPU
		{31C172B8-560B-4C58-AE77-A4A63FAAF653}.Debug|Any CPU.ActiveCfg = Debug|Any CPU
		{31C172B8-560B-4C58-AE77-A4A63FAAF653}.Debug|Any CPU.Build.0 = Debug|Any CPU
		{31C172B8-560B-4C58-AE77-A4A63FAAF653}.Release|Any CPU.ActiveCfg = Release|Any CPU
		{31C172B8-560B-4C58-AE77-A4A63FAAF653}.Release|Any CPU.Build.0 = Release|Any CPU
	EndGlobalSection
	GlobalSection(SolutionProperties) = preSolution
		HideSolutionNode = FALSE
	EndGlobalSection
	GlobalSection(ExtensibilityGlobals) = postSolution
		SolutionGuid = {B7162736-D7DD-4753-B19B-F290B925F6C2}
	EndGlobalSection
EndGlobal
